
Microsoft Visual Studio Solution File, Format Version 12.00
# Visual Studio Version 17
VisualStudioVersion = 17.5.33530.505
MinimumVisualStudioVersion = 10.0.40219.1
Project("{FAE04EC0-301F-11D3-BF4B-00C04F79EFBC}") = "PokemonReviewsApp", "PokemonReviewsApp\PokemonReviewsApp.csproj", "{440FA284-1E05-4B71-A229-6264216114BC}"
EndProject
Global
	GlobalSection(SolutionConfigurationPlatforms) = preSolution
		Debug|Any CPU = Debug|Any CPU
		Release|Any CPU = Release|Any CPU
	EndGlobalSection
	GlobalSection(ProjectConfigurationPlatforms) = postSolution
		{440FA284-1E05-4B71-A229-6264216114BC}.Debug|Any CPU.ActiveCfg = Debug|Any CPU
		{440FA284-1E05-4B71-A229-6264216114BC}.Debug|Any CPU.Build.0 = Debug|Any CPU
		{440FA284-1E05-4B71-A229-6264216114BC}.Release|Any CPU.ActiveCfg = Release|Any CPU
		{440FA284-1E05-4B71-A229-6264216114BC}.Release|Any CPU.Build.0 = Release|Any CPU
	EndGlobalSection
	GlobalSection(SolutionProperties) = preSolution
		HideSolutionNode = FALSE
	EndGlobalSection
	GlobalSection(ExtensibilityGlobals) = postSolution
		SolutionGuid = {554085E1-E09C-43D0-9604-13F39D28D0EF}
	EndGlobalSection
EndGlobal
